PODS:
  - AccessCheckoutSDK (2.4.0)
  - Mockingjay/Core (3.0.0-alpha.1):
    - URITemplate (~> 3.0)
  - URITemplate (3.0.0)

DEPENDENCIES:
  - AccessCheckoutSDK (from `../`)
  - Mockingjay/Core (~> 3.0.0-alpha.1)

SPEC REPOS:
  trunk:
    - Mockingjay
    - URITemplate

EXTERNAL SOURCES:
  AccessCheckoutSDK:
    :path: "../"

SPEC CHECKSUMS:
  AccessCheckoutSDK: 124af2538b1bfdb724c5928d319c74edafcdab92
  Mockingjay: 0f7c5aa49c7f1b95621cee3c79b557141f5a225c
  URITemplate: 58e0d47f967006c5d59888af5356c4a8ed3b197d

PODFILE CHECKSUM: 84497c8aa9fbe23d4d865e29bbb7dae17b961d61

COCOAPODS: 1.11.3
