PODS:
  - AccessCheckoutSDK (2.2.0)
  - Mockingjay/Core (3.0.0-alpha.1):
    - URITemplate (~> 3.0)
  - URITemplate (3.0.0)

DEPENDENCIES:
  - AccessCheckoutSDK (from `../`)
  - Mockingjay/Core (~> 3.0.0-alpha.1)

SPEC REPOS:
  trunk:
    - Mockingjay
    - URITemplate

EXTERNAL SOURCES:
  AccessCheckoutSDK:
    :path: "../"

SPEC CHECKSUMS:
  AccessCheckoutSDK: a1dd9cc3d41a55b02cbb225c1dc8b3270095d96c
  Mockingjay: 0f7c5aa49c7f1b95621cee3c79b557141f5a225c
  URITemplate: 58e0d47f967006c5d59888af5356c4a8ed3b197d

PODFILE CHECKSUM: 7a8ff758b3e31484f3ad3136b8f831c7cfc4943d

COCOAPODS: 1.9.0
