PODS:
  - AccessCheckoutSDK (1.2.1):
    - PromiseKit/CorePromise
  - Mockingjay/Core (3.0.0-alpha.1):
    - URITemplate (~> 3.0)
  - PromiseKit/CorePromise (6.13.1)
  - URITemplate (3.0.0)

DEPENDENCIES:
  - AccessCheckoutSDK (from `../`)
  - Mockingjay/Core (~> 3.0.0-alpha.1)

SPEC REPOS:
  trunk:
    - Mockingjay
    - PromiseKit
    - URITemplate

EXTERNAL SOURCES:
  AccessCheckoutSDK:
    :path: "../"

SPEC CHECKSUMS:
  AccessCheckoutSDK: 0bfa494373bcf81fe6a9c27afa948e212418b3dd
  Mockingjay: 0f7c5aa49c7f1b95621cee3c79b557141f5a225c
  PromiseKit: 28fda91c973cc377875d8c0ea4f973013c05b6db
  URITemplate: 58e0d47f967006c5d59888af5356c4a8ed3b197d

PODFILE CHECKSUM: 7a8ff758b3e31484f3ad3136b8f831c7cfc4943d

COCOAPODS: 1.8.4
