PODS:
  - AccessCheckoutSDK (1.2.1)
  - BrightFutures (8.0.0)
  - Mockingjay (3.0.0-alpha.1):
    - Mockingjay/Core (= 3.0.0-alpha.1)
    - Mockingjay/XCTest (= 3.0.0-alpha.1)
  - Mockingjay/Core (3.0.0-alpha.1):
    - URITemplate (~> 3.0)
  - Mockingjay/XCTest (3.0.0-alpha.1):
    - Mockingjay/Core
  - Nimble (8.0.4)
  - PactConsumerSwift (0.7.0):
    - BrightFutures (~> 8.0)
    - Nimble (~> 8.0)
  - URITemplate (3.0.0)

DEPENDENCIES:
  - AccessCheckoutSDK (from `./`)
  - Mockingjay (~> 3.0.0-alpha.1)
  - Mockingjay/Core (~> 3.0.0-alpha.1)
  - PactConsumerSwift

SPEC REPOS:
  https://github.com/CocoaPods/Specs.git:
    - BrightFutures
    - Mockingjay
    - Nimble
    - PactConsumerSwift
    - URITemplate

EXTERNAL SOURCES:
  AccessCheckoutSDK:
    :path: "./"

SPEC CHECKSUMS:
  AccessCheckoutSDK: 0ccd95eefe965518195e4099ade68ebbfed91201
  BrightFutures: f8427b46feabaf73c5e71ace7d86d65dfbb47696
  Mockingjay: 0f7c5aa49c7f1b95621cee3c79b557141f5a225c
  Nimble: 18d5360282923225d62b09d781f63abc1a0111fc
  PactConsumerSwift: 3a35ea9c354048c8226766ea9ed36105ccd72473
  URITemplate: 58e0d47f967006c5d59888af5356c4a8ed3b197d

PODFILE CHECKSUM: ef9fc691a2a282b3da807715e12e8514c9ef473f

COCOAPODS: 1.8.3
