// !$*UTF8*$!
{
	archiveVersion = 1;
	classes = {
	};
	objectVersion = 51;
	objects = {

/* Begin PBXBuildFile section */
		1BCBFED622B8F63300A65FAA /* LICENSE in Resources */ = {isa = PBXBuildFile; fileRef = 1BCBFED222B8F63300A65FAA /* LICENSE */; };
		1BCBFED722B8F63300A65FAA /* README.md in Resources */ = {isa = PBXBuildFile; fileRef = 1BCBFED322B8F63300A65FAA /* README.md */; };
		1BCBFED922B8F63300A65FAA /* CHANGELOG.md in Resources */ = {isa = PBXBuildFile; fileRef = 1BCBFED522B8F63300A65FAA /* CHANGELOG.md */; };
		1BCBFEDA22B903A300A65FAA /* Localizable.strings in Resources */ = {isa = PBXBuildFile; fileRef = C9AFE48422B7C8D700943B3E /* Localizable.strings */; };
		3252C7E3E64EB3E46052A5D2 /* Pods_AccessCheckoutDemo.framework in Frameworks */ = {isa = PBXBuildFile; fileRef = 464068C5BC81234ABB466626 /* Pods_AccessCheckoutDemo.framework */; };
		516E31E22694F1F40017E8EB /* CardFlowCardNumberSpacingTests.swift in Sources */ = {isa = PBXBuildFile; fileRef = 516E31E12694F1F40017E8EB /* CardFlowCardNumberSpacingTests.swift */; };
		516E31E8269513940017E8EB /* RestrictedCardFlowNoCardNumberSpacingTests.swift in Sources */ = {isa = PBXBuildFile; fileRef = 516E31E7269513940017E8EB /* RestrictedCardFlowNoCardNumberSpacingTests.swift */; };
		5174649A27271F1A00E4902B /* Configuration.swift in Sources */ = {isa = PBXBuildFile; fileRef = 5174649927271F1A00E4902B /* Configuration.swift */; };
		51B820782721A0B700CFAB53 /* CardFlowCardBrandTestsUsingRealServices.swift in Sources */ = {isa = PBXBuildFile; fileRef = 51B820772721A0B700CFAB53 /* CardFlowCardBrandTestsUsingRealServices.swift */; };
		51CAA6BB25C9A1CA00C7D71A /* RestrictedCardFlowViewPageObject.swift in Sources */ = {isa = PBXBuildFile; fileRef = 51CAA6BA25C9A1CA00C7D71A /* RestrictedCardFlowViewPageObject.swift */; };
		51CAA6BD25C9A24100C7D71A /* XCUIElementExtension.swift in Sources */ = {isa = PBXBuildFile; fileRef = 51CAA6BC25C9A24100C7D71A /* XCUIElementExtension.swift */; };
		51CAA6C125C9BD1800C7D71A /* CvcFlowUITests.swift in Sources */ = {isa = PBXBuildFile; fileRef = 51CAA6C025C9BD1800C7D71A /* CvcFlowUITests.swift */; };
		51CBC4A325A46F5A000D0363 /* RestrictedCardFlowViewController.swift in Sources */ = {isa = PBXBuildFile; fileRef = 51CBC4A225A46F5A000D0363 /* RestrictedCardFlowViewController.swift */; };
		51CBC4A725A480DC000D0363 /* RestrictedCardFlowUITests.swift in Sources */ = {isa = PBXBuildFile; fileRef = 51CBC4A625A480DC000D0363 /* RestrictedCardFlowUITests.swift */; };
		51CBC4A925A480F0000D0363 /* RestrictedCardFlowValidationTests.swift in Sources */ = {isa = PBXBuildFile; fileRef = 51CBC4A825A480F0000D0363 /* RestrictedCardFlowValidationTests.swift */; };
		51E19A03273BDD1B00BD2713 /* CardFlowValidationTestsUsingRealServices.swift in Sources */ = {isa = PBXBuildFile; fileRef = 51E19A02273BDD1B00BD2713 /* CardFlowValidationTestsUsingRealServices.swift */; };
		B9E2AA0C48294C91BA6E878D /* Pods_AccessCheckoutDemo_AccessCheckoutDemoUITests.framework in Frameworks */ = {isa = PBXBuildFile; fileRef = 63B46E6E24989CAB4DC75302 /* Pods_AccessCheckoutDemo_AccessCheckoutDemoUITests.framework */; };
		C9AFE46F22B7C5A600943B3E /* AppDelegate.swift in Sources */ = {isa = PBXBuildFile; fileRef = C9AFE46C22B7C5A600943B3E /* AppDelegate.swift */; };
		C9AFE47022B7C5A600943B3E /* CardFlowViewController.swift in Sources */ = {isa = PBXBuildFile; fileRef = C9AFE46D22B7C5A600943B3E /* CardFlowViewController.swift */; };
		C9AFE47122B7C5A600943B3E /* Assets.xcassets in Resources */ = {isa = PBXBuildFile; fileRef = C9AFE46E22B7C5A600943B3E /* Assets.xcassets */; };
		C9AFE47622B7C62700943B3E /* Main.storyboard in Resources */ = {isa = PBXBuildFile; fileRef = C9AFE47222B7C62700943B3E /* Main.storyboard */; };
		C9AFE47722B7C62700943B3E /* LaunchScreen.storyboard in Resources */ = {isa = PBXBuildFile; fileRef = C9AFE47422B7C62700943B3E /* LaunchScreen.storyboard */; };
		C9AFE47D22B7C6DA00943B3E /* CardFlowValidationTests.swift in Sources */ = {isa = PBXBuildFile; fileRef = C9AFE47922B7C6DA00943B3E /* CardFlowValidationTests.swift */; };
		C9AFE47E22B7C6DA00943B3E /* CardFlowRetrieveSessionsTests.swift in Sources */ = {isa = PBXBuildFile; fileRef = C9AFE47A22B7C6DA00943B3E /* CardFlowRetrieveSessionsTests.swift */; };
		C9AFE48222B7C8D700943B3E /* Localizable.strings in Resources */ = {isa = PBXBuildFile; fileRef = C9AFE48422B7C8D700943B3E /* Localizable.strings */; };
		C9AFE4AF22B7EE5900943B3E /* VerifiedTokens-internalServerError.json in Resources */ = {isa = PBXBuildFile; fileRef = C9AFE4A522B7EE5800943B3E /* VerifiedTokens-internalServerError.json */; };
		C9AFE4B022B7EE5900943B3E /* VerifiedTokens-unknown-variation1.json in Resources */ = {isa = PBXBuildFile; fileRef = C9AFE4A622B7EE5800943B3E /* VerifiedTokens-unknown-variation1.json */; };
		C9AFE4B122B7EE5900943B3E /* VerifiedTokens-unknown-variation4.json in Resources */ = {isa = PBXBuildFile; fileRef = C9AFE4A722B7EE5800943B3E /* VerifiedTokens-unknown-variation4.json */; };
		C9AFE4B222B7EE5900943B3E /* Discovery-success.json in Resources */ = {isa = PBXBuildFile; fileRef = C9AFE4A822B7EE5800943B3E /* Discovery-success.json */; };
		C9AFE4B322B7EE5900943B3E /* VerifiedTokens-bodyDoesNotMatchSchema-fieldIsMissing-cardNumber.json in Resources */ = {isa = PBXBuildFile; fileRef = C9AFE4A922B7EE5800943B3E /* VerifiedTokens-bodyDoesNotMatchSchema-fieldIsMissing-cardNumber.json */; };
		C9AFE4B422B7EE5900943B3E /* VerifiedTokens-unknown-variation2.json in Resources */ = {isa = PBXBuildFile; fileRef = C9AFE4AA22B7EE5800943B3E /* VerifiedTokens-unknown-variation2.json */; };
		C9AFE4B522B7EE5900943B3E /* VerifiedTokensSession-success.json in Resources */ = {isa = PBXBuildFile; fileRef = C9AFE4AB22B7EE5800943B3E /* VerifiedTokensSession-success.json */; };
		C9AFE4B622B7EE5900943B3E /* VerifiedTokens-success.json in Resources */ = {isa = PBXBuildFile; fileRef = C9AFE4AC22B7EE5900943B3E /* VerifiedTokens-success.json */; };
		C9AFE4B722B7EE5900943B3E /* VerifiedTokens-unknown-variation3.json in Resources */ = {isa = PBXBuildFile; fileRef = C9AFE4AD22B7EE5900943B3E /* VerifiedTokens-unknown-variation3.json */; };
		C9AFE4B822B7EE5900943B3E /* VerifiedTokens-bodyDoesNotMatchSchema-panFailedLuhnCheck.json in Resources */ = {isa = PBXBuildFile; fileRef = C9AFE4AE22B7EE5900943B3E /* VerifiedTokens-bodyDoesNotMatchSchema-panFailedLuhnCheck.json */; };
		CC1BD93B2448BB9200A4C745 /* CIVariables.swift in Sources */ = {isa = PBXBuildFile; fileRef = CC1BD93A2448BB9200A4C745 /* CIVariables.swift */; };
		D737A08524752E0B00D4E872 /* cardTypes.json in Resources */ = {isa = PBXBuildFile; fileRef = D737A08424752E0B00D4E872 /* cardTypes.json */; };
		E7134D372437AE3900DD842F /* AppLauncher.swift in Sources */ = {isa = PBXBuildFile; fileRef = E7134D362437AE3900DD842F /* AppLauncher.swift */; };
		E7134D392437B1BA00DD842F /* XCTestExtension.swift in Sources */ = {isa = PBXBuildFile; fileRef = E7134D382437B1BA00DD842F /* XCTestExtension.swift */; };
		E72152822437D678009AAFB3 /* LaunchArguments.swift in Sources */ = {isa = PBXBuildFile; fileRef = E75F85FA2437CDC80031F7AC /* LaunchArguments.swift */; };
		E72152842437D9E3009AAFB3 /* CardFlowViewPageObject.swift in Sources */ = {isa = PBXBuildFile; fileRef = E72152832437D9E3009AAFB3 /* CardFlowViewPageObject.swift */; };
		E72152862437DBAC009AAFB3 /* AlertViewPageObject.swift in Sources */ = {isa = PBXBuildFile; fileRef = E72152852437DBAC009AAFB3 /* AlertViewPageObject.swift */; };
		E74F7C3C24741490005D40FE /* CardFlowUITests.swift in Sources */ = {isa = PBXBuildFile; fileRef = E74F7C3B24741490005D40FE /* CardFlowUITests.swift */; };
		E74F7C3E247416AE005D40FE /* SwitchViewPageObject.swift in Sources */ = {isa = PBXBuildFile; fileRef = E74F7C3D247416AE005D40FE /* SwitchViewPageObject.swift */; };
		E75F85F72437BFE40031F7AC /* JsonStubbedResponse.swift in Sources */ = {isa = PBXBuildFile; fileRef = E75F85F62437BFE40031F7AC /* JsonStubbedResponse.swift */; };
		E75F85F92437CB440031F7AC /* ServiceStub.swift in Sources */ = {isa = PBXBuildFile; fileRef = E75F85F82437CB440031F7AC /* ServiceStub.swift */; };
		E75F85FB2437CDC80031F7AC /* LaunchArguments.swift in Sources */ = {isa = PBXBuildFile; fileRef = E75F85FA2437CDC80031F7AC /* LaunchArguments.swift */; };
		E7993C8A243730820082E2C2 /* sessions-paymentsCvc-error.json in Resources */ = {isa = PBXBuildFile; fileRef = E7993C89243730820082E2C2 /* sessions-paymentsCvc-error.json */; };
		E79A3F1524360C0D00A20555 /* CvcFlowRetrieveSessionTests.swift in Sources */ = {isa = PBXBuildFile; fileRef = E79A3F1424360C0D00A20555 /* CvcFlowRetrieveSessionTests.swift */; };
		E7A09298243CB24100BCABC8 /* AlertView.swift in Sources */ = {isa = PBXBuildFile; fileRef = E7A09297243CB24100BCABC8 /* AlertView.swift */; };
		E7B7F4DB24350F4B00E2DDA6 /* CvcFlowValidationTests.swift in Sources */ = {isa = PBXBuildFile; fileRef = E7B7F4DA24350F4B00E2DDA6 /* CvcFlowValidationTests.swift */; };
		E7B7F4DD2435125400E2DDA6 /* NavigationTests.swift in Sources */ = {isa = PBXBuildFile; fileRef = E7B7F4DC2435125400E2DDA6 /* NavigationTests.swift */; };
		E7B7F4E02435EEB200E2DDA6 /* CvcFlowViewPageObject.swift in Sources */ = {isa = PBXBuildFile; fileRef = E7B7F4DF2435EEB200E2DDA6 /* CvcFlowViewPageObject.swift */; };
		E7B7F4E22435EF5100E2DDA6 /* NavigationViewPageObject.swift in Sources */ = {isa = PBXBuildFile; fileRef = E7B7F4E12435EF5100E2DDA6 /* NavigationViewPageObject.swift */; };
		E7B9A34A243393C400137BCF /* CvcFlowViewController.swift in Sources */ = {isa = PBXBuildFile; fileRef = E7B9A349243393C400137BCF /* CvcFlowViewController.swift */; };
		E7CFBA3C2436663B009FA24A /* sessions-success.json in Resources */ = {isa = PBXBuildFile; fileRef = E7CFBA3B2436663B009FA24A /* sessions-success.json */; };
		E7CFBA4024366AF1009FA24A /* sessions-paymentsCvc-success.json in Resources */ = {isa = PBXBuildFile; fileRef = E7CFBA3F24366AF1009FA24A /* sessions-paymentsCvc-success.json */; };
/* End PBXBuildFile section */

/* Begin PBXContainerItemProxy section */
		C9AFE40B22B799AE00943B3E /* PBXContainerItemProxy */ = {
			isa = PBXContainerItemProxy;
			containerPortal = C9AFE3EE22B799AC00943B3E /* Project object */;
			proxyType = 1;
			remoteGlobalIDString = C9AFE3F522B799AC00943B3E;
			remoteInfo = AccessCheckoutExample;
		};
/* End PBXContainerItemProxy section */

/* Begin PBXFileReference section */
		1BCBFED222B8F63300A65FAA /* LICENSE */ = {isa = PBXFileReference; fileEncoding = 4; lastKnownFileType = text; path = LICENSE; sourceTree = "<group>"; };
		1BCBFED322B8F63300A65FAA /* README.md */ = {isa = PBXFileReference; fileEncoding = 4; lastKnownFileType = net.daringfireball.markdown; path = README.md; sourceTree = "<group>"; };
		1BCBFED522B8F63300A65FAA /* CHANGELOG.md */ = {isa = PBXFileReference; fileEncoding = 4; lastKnownFileType = net.daringfireball.markdown; path = CHANGELOG.md; sourceTree = "<group>"; };
		464068C5BC81234ABB466626 /* Pods_AccessCheckoutDemo.framework */ = {isa = PBXFileReference; explicitFileType = wrapper.framework; includeInIndex = 0; path = Pods_AccessCheckoutDemo.framework; sourceTree = BUILT_PRODUCTS_DIR; };
		516E31E12694F1F40017E8EB /* CardFlowCardNumberSpacingTests.swift */ = {isa = PBXFileReference; lastKnownFileType = sourcecode.swift; path = CardFlowCardNumberSpacingTests.swift; sourceTree = "<group>"; };
		516E31E7269513940017E8EB /* RestrictedCardFlowNoCardNumberSpacingTests.swift */ = {isa = PBXFileReference; lastKnownFileType = sourcecode.swift; path = RestrictedCardFlowNoCardNumberSpacingTests.swift; sourceTree = "<group>"; };
		5174649927271F1A00E4902B /* Configuration.swift */ = {isa = PBXFileReference; lastKnownFileType = sourcecode.swift; path = Configuration.swift; sourceTree = "<group>"; };
		51B820772721A0B700CFAB53 /* CardFlowCardBrandTestsUsingRealServices.swift */ = {isa = PBXFileReference; lastKnownFileType = sourcecode.swift; path = CardFlowCardBrandTestsUsingRealServices.swift; sourceTree = "<group>"; };
		51CAA6BA25C9A1CA00C7D71A /* RestrictedCardFlowViewPageObject.swift */ = {isa = PBXFileReference; lastKnownFileType = sourcecode.swift; path = RestrictedCardFlowViewPageObject.swift; sourceTree = "<group>"; };
		51CAA6BC25C9A24100C7D71A /* XCUIElementExtension.swift */ = {isa = PBXFileReference; lastKnownFileType = sourcecode.swift; path = XCUIElementExtension.swift; sourceTree = "<group>"; };
		51CAA6C025C9BD1800C7D71A /* CvcFlowUITests.swift */ = {isa = PBXFileReference; lastKnownFileType = sourcecode.swift; path = CvcFlowUITests.swift; sourceTree = "<group>"; };
		51CBC4A225A46F5A000D0363 /* RestrictedCardFlowViewController.swift */ = {isa = PBXFileReference; lastKnownFileType = sourcecode.swift; path = RestrictedCardFlowViewController.swift; sourceTree = "<group>"; };
		51CBC4A625A480DC000D0363 /* RestrictedCardFlowUITests.swift */ = {isa = PBXFileReference; lastKnownFileType = sourcecode.swift; path = RestrictedCardFlowUITests.swift; sourceTree = "<group>"; };
		51CBC4A825A480F0000D0363 /* RestrictedCardFlowValidationTests.swift */ = {isa = PBXFileReference; lastKnownFileType = sourcecode.swift; path = RestrictedCardFlowValidationTests.swift; sourceTree = "<group>"; };
		51E19A02273BDD1B00BD2713 /* CardFlowValidationTestsUsingRealServices.swift */ = {isa = PBXFileReference; lastKnownFileType = sourcecode.swift; path = CardFlowValidationTestsUsingRealServices.swift; sourceTree = "<group>"; };
		5F532F45E152C8559DCC281F /* Pods-AccessCheckoutDemo-AccessCheckoutDemoUITests.debug.xcconfig */ = {isa = PBXFileReference; includeInIndex = 1; lastKnownFileType = text.xcconfig; name = "Pods-AccessCheckoutDemo-AccessCheckoutDemoUITests.debug.xcconfig"; path = "Target Support Files/Pods-AccessCheckoutDemo-AccessCheckoutDemoUITests/Pods-AccessCheckoutDemo-AccessCheckoutDemoUITests.debug.xcconfig"; sourceTree = "<group>"; };
		63B46E6E24989CAB4DC75302 /* Pods_AccessCheckoutDemo_AccessCheckoutDemoUITests.framework */ = {isa = PBXFileReference; explicitFileType = wrapper.framework; includeInIndex = 0; path = Pods_AccessCheckoutDemo_AccessCheckoutDemoUITests.framework; sourceTree = BUILT_PRODUCTS_DIR; };
		6E7FDDA3E36720BDB3959BF7 /* Pods-AccessCheckoutDemo.release.xcconfig */ = {isa = PBXFileReference; includeInIndex = 1; lastKnownFileType = text.xcconfig; name = "Pods-AccessCheckoutDemo.release.xcconfig"; path = "Target Support Files/Pods-AccessCheckoutDemo/Pods-AccessCheckoutDemo.release.xcconfig"; sourceTree = "<group>"; };
		8BA50193BD557BCBB2DE4933 /* Pods-AccessCheckoutDemo.debug.xcconfig */ = {isa = PBXFileReference; includeInIndex = 1; lastKnownFileType = text.xcconfig; name = "Pods-AccessCheckoutDemo.debug.xcconfig"; path = "Target Support Files/Pods-AccessCheckoutDemo/Pods-AccessCheckoutDemo.debug.xcconfig"; sourceTree = "<group>"; };
		C9AFE3F622B799AC00943B3E /* AccessCheckoutDemo.app */ = {isa = PBXFileReference; explicitFileType = wrapper.application; includeInIndex = 0; path = AccessCheckoutDemo.app; sourceTree = BUILT_PRODUCTS_DIR; };
		C9AFE40522B799AE00943B3E /* Info.plist */ = {isa = PBXFileReference; lastKnownFileType = text.plist.xml; path = Info.plist; sourceTree = "<group>"; };
		C9AFE40A22B799AE00943B3E /* AccessCheckoutDemoUITests.xctest */ = {isa = PBXFileReference; explicitFileType = wrapper.cfbundle; includeInIndex = 0; path = AccessCheckoutDemoUITests.xctest; sourceTree = BUILT_PRODUCTS_DIR; };
		C9AFE41022B799AE00943B3E /* Info.plist */ = {isa = PBXFileReference; lastKnownFileType = text.plist.xml; path = Info.plist; sourceTree = "<group>"; };
		C9AFE46C22B7C5A600943B3E /* AppDelegate.swift */ = {isa = PBXFileReference; fileEncoding = 4; lastKnownFileType = sourcecode.swift; path = AppDelegate.swift; sourceTree = "<group>"; };
		C9AFE46D22B7C5A600943B3E /* CardFlowViewController.swift */ = {isa = PBXFileReference; fileEncoding = 4; lastKnownFileType = sourcecode.swift; path = CardFlowViewController.swift; sourceTree = "<group>"; };
		C9AFE46E22B7C5A600943B3E /* Assets.xcassets */ = {isa = PBXFileReference; lastKnownFileType = folder.assetcatalog; path = Assets.xcassets; sourceTree = "<group>"; };
		C9AFE47322B7C62700943B3E /* Base */ = {isa = PBXFileReference; lastKnownFileType = file.storyboard; name = Base; path = Base.lproj/Main.storyboard; sourceTree = "<group>"; };
		C9AFE47522B7C62700943B3E /* Base */ = {isa = PBXFileReference; lastKnownFileType = file.storyboard; name = Base; path = Base.lproj/LaunchScreen.storyboard; sourceTree = "<group>"; };
		C9AFE47922B7C6DA00943B3E /* CardFlowValidationTests.swift */ = {isa = PBXFileReference; fileEncoding = 4; lastKnownFileType = sourcecode.swift; path = CardFlowValidationTests.swift; sourceTree = "<group>"; };
		C9AFE47A22B7C6DA00943B3E /* CardFlowRetrieveSessionsTests.swift */ = {isa = PBXFileReference; fileEncoding = 4; lastKnownFileType = sourcecode.swift; path = CardFlowRetrieveSessionsTests.swift; sourceTree = "<group>"; };
		C9AFE48322B7C8D700943B3E /* en */ = {isa = PBXFileReference; lastKnownFileType = text.plist.strings; name = en; path = en.lproj/Localizable.strings; sourceTree = "<group>"; };
		C9AFE4A522B7EE5800943B3E /* VerifiedTokens-internalServerError.json */ = {isa = PBXFileReference; fileEncoding = 4; lastKnownFileType = text.json; path = "VerifiedTokens-internalServerError.json"; sourceTree = "<group>"; };
		C9AFE4A622B7EE5800943B3E /* VerifiedTokens-unknown-variation1.json */ = {isa = PBXFileReference; fileEncoding = 4; lastKnownFileType = text.json; path = "VerifiedTokens-unknown-variation1.json"; sourceTree = "<group>"; };
		C9AFE4A722B7EE5800943B3E /* VerifiedTokens-unknown-variation4.json */ = {isa = PBXFileReference; fileEncoding = 4; lastKnownFileType = text.json; path = "VerifiedTokens-unknown-variation4.json"; sourceTree = "<group>"; };
		C9AFE4A822B7EE5800943B3E /* Discovery-success.json */ = {isa = PBXFileReference; fileEncoding = 4; lastKnownFileType = text.json; path = "Discovery-success.json"; sourceTree = "<group>"; };
		C9AFE4A922B7EE5800943B3E /* VerifiedTokens-bodyDoesNotMatchSchema-fieldIsMissing-cardNumber.json */ = {isa = PBXFileReference; fileEncoding = 4; lastKnownFileType = text.json; path = "VerifiedTokens-bodyDoesNotMatchSchema-fieldIsMissing-cardNumber.json"; sourceTree = "<group>"; };
		C9AFE4AA22B7EE5800943B3E /* VerifiedTokens-unknown-variation2.json */ = {isa = PBXFileReference; fileEncoding = 4; lastKnownFileType = text.json; path = "VerifiedTokens-unknown-variation2.json"; sourceTree = "<group>"; };
		C9AFE4AB22B7EE5800943B3E /* VerifiedTokensSession-success.json */ = {isa = PBXFileReference; fileEncoding = 4; lastKnownFileType = text.json; path = "VerifiedTokensSession-success.json"; sourceTree = "<group>"; };
		C9AFE4AC22B7EE5900943B3E /* VerifiedTokens-success.json */ = {isa = PBXFileReference; fileEncoding = 4; lastKnownFileType = text.json; path = "VerifiedTokens-success.json"; sourceTree = "<group>"; };
		C9AFE4AD22B7EE5900943B3E /* VerifiedTokens-unknown-variation3.json */ = {isa = PBXFileReference; fileEncoding = 4; lastKnownFileType = text.json; path = "VerifiedTokens-unknown-variation3.json"; sourceTree = "<group>"; };
		C9AFE4AE22B7EE5900943B3E /* VerifiedTokens-bodyDoesNotMatchSchema-panFailedLuhnCheck.json */ = {isa = PBXFileReference; fileEncoding = 4; lastKnownFileType = text.json; path = "VerifiedTokens-bodyDoesNotMatchSchema-panFailedLuhnCheck.json"; sourceTree = "<group>"; };
		CC1BD93A2448BB9200A4C745 /* CIVariables.swift */ = {isa = PBXFileReference; lastKnownFileType = sourcecode.swift; path = CIVariables.swift; sourceTree = "<group>"; };
		D737A08424752E0B00D4E872 /* cardTypes.json */ = {isa = PBXFileReference; lastKnownFileType = text.json; path = cardTypes.json; sourceTree = "<group>"; };
		E7134D362437AE3900DD842F /* AppLauncher.swift */ = {isa = PBXFileReference; lastKnownFileType = sourcecode.swift; path = AppLauncher.swift; sourceTree = "<group>"; };
		E7134D382437B1BA00DD842F /* XCTestExtension.swift */ = {isa = PBXFileReference; lastKnownFileType = sourcecode.swift; path = XCTestExtension.swift; sourceTree = "<group>"; };
		E72152832437D9E3009AAFB3 /* CardFlowViewPageObject.swift */ = {isa = PBXFileReference; lastKnownFileType = sourcecode.swift; path = CardFlowViewPageObject.swift; sourceTree = "<group>"; };
		E72152852437DBAC009AAFB3 /* AlertViewPageObject.swift */ = {isa = PBXFileReference; lastKnownFileType = sourcecode.swift; path = AlertViewPageObject.swift; sourceTree = "<group>"; };
		E74F7C3B24741490005D40FE /* CardFlowUITests.swift */ = {isa = PBXFileReference; lastKnownFileType = sourcecode.swift; path = CardFlowUITests.swift; sourceTree = "<group>"; };
		E74F7C3D247416AE005D40FE /* SwitchViewPageObject.swift */ = {isa = PBXFileReference; lastKnownFileType = sourcecode.swift; path = SwitchViewPageObject.swift; sourceTree = "<group>"; };
		E75F85F62437BFE40031F7AC /* JsonStubbedResponse.swift */ = {isa = PBXFileReference; lastKnownFileType = sourcecode.swift; path = JsonStubbedResponse.swift; sourceTree = "<group>"; };
		E75F85F82437CB440031F7AC /* ServiceStub.swift */ = {isa = PBXFileReference; lastKnownFileType = sourcecode.swift; path = ServiceStub.swift; sourceTree = "<group>"; };
		E75F85FA2437CDC80031F7AC /* LaunchArguments.swift */ = {isa = PBXFileReference; lastKnownFileType = sourcecode.swift; path = LaunchArguments.swift; sourceTree = "<group>"; };
		E7993C89243730820082E2C2 /* sessions-paymentsCvc-error.json */ = {isa = PBXFileReference; lastKnownFileType = text.json; path = "sessions-paymentsCvc-error.json"; sourceTree = "<group>"; };
		E79A3F1424360C0D00A20555 /* CvcFlowRetrieveSessionTests.swift */ = {isa = PBXFileReference; lastKnownFileType = sourcecode.swift; path = CvcFlowRetrieveSessionTests.swift; sourceTree = "<group>"; };
		E7A09297243CB24100BCABC8 /* AlertView.swift */ = {isa = PBXFileReference; lastKnownFileType = sourcecode.swift; path = AlertView.swift; sourceTree = "<group>"; };
		E7B7F4DA24350F4B00E2DDA6 /* CvcFlowValidationTests.swift */ = {isa = PBXFileReference; lastKnownFileType = sourcecode.swift; path = CvcFlowValidationTests.swift; sourceTree = "<group>"; };
		E7B7F4DC2435125400E2DDA6 /* NavigationTests.swift */ = {isa = PBXFileReference; lastKnownFileType = sourcecode.swift; path = NavigationTests.swift; sourceTree = "<group>"; };
		E7B7F4DF2435EEB200E2DDA6 /* CvcFlowViewPageObject.swift */ = {isa = PBXFileReference; lastKnownFileType = sourcecode.swift; path = CvcFlowViewPageObject.swift; sourceTree = "<group>"; };
		E7B7F4E12435EF5100E2DDA6 /* NavigationViewPageObject.swift */ = {isa = PBXFileReference; lastKnownFileType = sourcecode.swift; path = NavigationViewPageObject.swift; sourceTree = "<group>"; };
		E7B9A349243393C400137BCF /* CvcFlowViewController.swift */ = {isa = PBXFileReference; lastKnownFileType = sourcecode.swift; path = CvcFlowViewController.swift; sourceTree = "<group>"; };
		E7CFBA3B2436663B009FA24A /* sessions-success.json */ = {isa = PBXFileReference; lastKnownFileType = text.json; path = "sessions-success.json"; sourceTree = "<group>"; };
		E7CFBA3F24366AF1009FA24A /* sessions-paymentsCvc-success.json */ = {isa = PBXFileReference; lastKnownFileType = text.json; path = "sessions-paymentsCvc-success.json"; sourceTree = "<group>"; };
		F05A61772A68844665C943F5 /* Pods-AccessCheckoutDemo-AccessCheckoutDemoUITests.release.xcconfig */ = {isa = PBXFileReference; includeInIndex = 1; lastKnownFileType = text.xcconfig; name = "Pods-AccessCheckoutDemo-AccessCheckoutDemoUITests.release.xcconfig"; path = "Target Support Files/Pods-AccessCheckoutDemo-AccessCheckoutDemoUITests/Pods-AccessCheckoutDemo-AccessCheckoutDemoUITests.release.xcconfig"; sourceTree = "<group>"; };
/* End PBXFileReference section */

/* Begin PBXFrameworksBuildPhase section */
		C9AFE3F322B799AC00943B3E /* Frameworks */ = {
			isa = PBXFrameworksBuildPhase;
			buildActionMask = 2147483647;
			files = (
				3252C7E3E64EB3E46052A5D2 /* Pods_AccessCheckoutDemo.framework in Frameworks */,
			);
			runOnlyForDeploymentPostprocessing = 0;
		};
		C9AFE40722B799AE00943B3E /* Frameworks */ = {
			isa = PBXFrameworksBuildPhase;
			buildActionMask = 2147483647;
			files = (
				B9E2AA0C48294C91BA6E878D /* Pods_AccessCheckoutDemo_AccessCheckoutDemoUITests.framework in Frameworks */,
			);
			runOnlyForDeploymentPostprocessing = 0;
		};
/* End PBXFrameworksBuildPhase section */

/* Begin PBXGroup section */
		14107A90D97CC71FB9DDF106 /* Frameworks */ = {
			isa = PBXGroup;
			children = (
				464068C5BC81234ABB466626 /* Pods_AccessCheckoutDemo.framework */,
				63B46E6E24989CAB4DC75302 /* Pods_AccessCheckoutDemo_AccessCheckoutDemoUITests.framework */,
			);
			name = Frameworks;
			sourceTree = "<group>";
		};
		1BD0EE9E22CBB59400147A71 /* Stubs */ = {
			isa = PBXGroup;
			children = (
				D737A08424752E0B00D4E872 /* cardTypes.json */,
				C9AFE4A822B7EE5800943B3E /* Discovery-success.json */,
				C9AFE4A922B7EE5800943B3E /* VerifiedTokens-bodyDoesNotMatchSchema-fieldIsMissing-cardNumber.json */,
				C9AFE4AE22B7EE5900943B3E /* VerifiedTokens-bodyDoesNotMatchSchema-panFailedLuhnCheck.json */,
				C9AFE4A522B7EE5800943B3E /* VerifiedTokens-internalServerError.json */,
				C9AFE4AC22B7EE5900943B3E /* VerifiedTokens-success.json */,
				C9AFE4A622B7EE5800943B3E /* VerifiedTokens-unknown-variation1.json */,
				C9AFE4AA22B7EE5800943B3E /* VerifiedTokens-unknown-variation2.json */,
				C9AFE4AD22B7EE5900943B3E /* VerifiedTokens-unknown-variation3.json */,
				C9AFE4A722B7EE5800943B3E /* VerifiedTokens-unknown-variation4.json */,
				C9AFE4AB22B7EE5800943B3E /* VerifiedTokensSession-success.json */,
				E7CFBA3B2436663B009FA24A /* sessions-success.json */,
				E7CFBA3F24366AF1009FA24A /* sessions-paymentsCvc-success.json */,
				E7993C89243730820082E2C2 /* sessions-paymentsCvc-error.json */,
				E75F85F62437BFE40031F7AC /* JsonStubbedResponse.swift */,
				E75F85F82437CB440031F7AC /* ServiceStub.swift */,
				E75F85FA2437CDC80031F7AC /* LaunchArguments.swift */,
			);
			path = Stubs;
			sourceTree = "<group>";
		};
		B19274C2E107754F00595B4C /* Pods */ = {
			isa = PBXGroup;
			children = (
				8BA50193BD557BCBB2DE4933 /* Pods-AccessCheckoutDemo.debug.xcconfig */,
				6E7FDDA3E36720BDB3959BF7 /* Pods-AccessCheckoutDemo.release.xcconfig */,
				5F532F45E152C8559DCC281F /* Pods-AccessCheckoutDemo-AccessCheckoutDemoUITests.debug.xcconfig */,
				F05A61772A68844665C943F5 /* Pods-AccessCheckoutDemo-AccessCheckoutDemoUITests.release.xcconfig */,
			);
			path = Pods;
			sourceTree = "<group>";
		};
		C9AFE3ED22B799AC00943B3E = {
			isa = PBXGroup;
			children = (
				C9AFE3F822B799AC00943B3E /* AccessCheckoutDemo */,
				1BCBFED522B8F63300A65FAA /* CHANGELOG.md */,
				1BCBFED222B8F63300A65FAA /* LICENSE */,
				1BCBFED322B8F63300A65FAA /* README.md */,
				C9AFE40D22B799AE00943B3E /* AccessCheckoutDemoUITests */,
				C9AFE3F722B799AC00943B3E /* Products */,
				B19274C2E107754F00595B4C /* Pods */,
				14107A90D97CC71FB9DDF106 /* Frameworks */,
			);
			sourceTree = "<group>";
		};
		C9AFE3F722B799AC00943B3E /* Products */ = {
			isa = PBXGroup;
			children = (
				C9AFE3F622B799AC00943B3E /* AccessCheckoutDemo.app */,
				C9AFE40A22B799AE00943B3E /* AccessCheckoutDemoUITests.xctest */,
			);
			name = Products;
			sourceTree = "<group>";
		};
		C9AFE3F822B799AC00943B3E /* AccessCheckoutDemo */ = {
			isa = PBXGroup;
			children = (
				1BD0EE9E22CBB59400147A71 /* Stubs */,
				E7A09297243CB24100BCABC8 /* AlertView.swift */,
				C9AFE46C22B7C5A600943B3E /* AppDelegate.swift */,
				C9AFE46D22B7C5A600943B3E /* CardFlowViewController.swift */,
				5174649927271F1A00E4902B /* Configuration.swift */,
				51CBC4A225A46F5A000D0363 /* RestrictedCardFlowViewController.swift */,
				E7B9A349243393C400137BCF /* CvcFlowViewController.swift */,
				CC1BD93A2448BB9200A4C745 /* CIVariables.swift */,
				C9AFE47222B7C62700943B3E /* Main.storyboard */,
				C9AFE47422B7C62700943B3E /* LaunchScreen.storyboard */,
				C9AFE46E22B7C5A600943B3E /* Assets.xcassets */,
				C9AFE40522B799AE00943B3E /* Info.plist */,
				C9AFE48422B7C8D700943B3E /* Localizable.strings */,
			);
			path = AccessCheckoutDemo;
			sourceTree = "<group>";
		};
		C9AFE40D22B799AE00943B3E /* AccessCheckoutDemoUITests */ = {
			isa = PBXGroup;
			children = (
				E7134D352437AE1100DD842F /* utils */,
				E7B7F4DE2435EE7000E2DDA6 /* pageObjects */,
				51B820772721A0B700CFAB53 /* CardFlowCardBrandTestsUsingRealServices.swift */,
				516E31E12694F1F40017E8EB /* CardFlowCardNumberSpacingTests.swift */,
				C9AFE47A22B7C6DA00943B3E /* CardFlowRetrieveSessionsTests.swift */,
				E74F7C3B24741490005D40FE /* CardFlowUITests.swift */,
				C9AFE47922B7C6DA00943B3E /* CardFlowValidationTests.swift */,
				51E19A02273BDD1B00BD2713 /* CardFlowValidationTestsUsingRealServices.swift */,
				51CAA6C025C9BD1800C7D71A /* CvcFlowUITests.swift */,
				E7B7F4DA24350F4B00E2DDA6 /* CvcFlowValidationTests.swift */,
				E79A3F1424360C0D00A20555 /* CvcFlowRetrieveSessionTests.swift */,
				E7B7F4DC2435125400E2DDA6 /* NavigationTests.swift */,
				516E31E7269513940017E8EB /* RestrictedCardFlowNoCardNumberSpacingTests.swift */,
				51CBC4A625A480DC000D0363 /* RestrictedCardFlowUITests.swift */,
				51CBC4A825A480F0000D0363 /* RestrictedCardFlowValidationTests.swift */,
				C9AFE41022B799AE00943B3E /* Info.plist */,
			);
			path = AccessCheckoutDemoUITests;
			sourceTree = "<group>";
		};
		E7134D352437AE1100DD842F /* utils */ = {
			isa = PBXGroup;
			children = (
				E7134D362437AE3900DD842F /* AppLauncher.swift */,
				E7134D382437B1BA00DD842F /* XCTestExtension.swift */,
				51CAA6BC25C9A24100C7D71A /* XCUIElementExtension.swift */,
			);
			path = utils;
			sourceTree = "<group>";
		};
		E7B7F4DE2435EE7000E2DDA6 /* pageObjects */ = {
			isa = PBXGroup;
			children = (
				E72152852437DBAC009AAFB3 /* AlertViewPageObject.swift */,
				E72152832437D9E3009AAFB3 /* CardFlowViewPageObject.swift */,
				E7B7F4DF2435EEB200E2DDA6 /* CvcFlowViewPageObject.swift */,
				E7B7F4E12435EF5100E2DDA6 /* NavigationViewPageObject.swift */,
				51CAA6BA25C9A1CA00C7D71A /* RestrictedCardFlowViewPageObject.swift */,
				E74F7C3D247416AE005D40FE /* SwitchViewPageObject.swift */,
			);
			path = pageObjects;
			sourceTree = "<group>";
		};
/* End PBXGroup section */

/* Begin PBXNativeTarget section */
		C9AFE3F522B799AC00943B3E /* AccessCheckoutDemo */ = {
			isa = PBXNativeTarget;
			buildConfigurationList = C9AFE41322B799AE00943B3E /* Build configuration list for PBXNativeTarget "AccessCheckoutDemo" */;
			buildPhases = (
				EBA62EF013A8DED2C5E80A9B /* [CP] Check Pods Manifest.lock */,
				C9AFE3F222B799AC00943B3E /* Sources */,
				C9AFE3F322B799AC00943B3E /* Frameworks */,
				C9AFE3F422B799AC00943B3E /* Resources */,
				EB41D38DCCC49D53EAF6C5DB /* [CP] Embed Pods Frameworks */,
			);
			buildRules = (
			);
			dependencies = (
			);
			name = AccessCheckoutDemo;
			productName = AccessCheckoutExample;
			productReference = C9AFE3F622B799AC00943B3E /* AccessCheckoutDemo.app */;
			productType = "com.apple.product-type.application";
		};
		C9AFE40922B799AE00943B3E /* AccessCheckoutDemoUITests */ = {
			isa = PBXNativeTarget;
			buildConfigurationList = C9AFE41622B799AE00943B3E /* Build configuration list for PBXNativeTarget "AccessCheckoutDemoUITests" */;
			buildPhases = (
				560E528BE7C2EF4C2C4A71FC /* [CP] Check Pods Manifest.lock */,
				C9AFE40622B799AE00943B3E /* Sources */,
				C9AFE40722B799AE00943B3E /* Frameworks */,
				C9AFE40822B799AE00943B3E /* Resources */,
				00BE5F20177698A4437F5474 /* [CP] Embed Pods Frameworks */,
			);
			buildRules = (
			);
			dependencies = (
				C9AFE40C22B799AE00943B3E /* PBXTargetDependency */,
			);
			name = AccessCheckoutDemoUITests;
			productName = AccessCheckoutExampleUITests;
			productReference = C9AFE40A22B799AE00943B3E /* AccessCheckoutDemoUITests.xctest */;
			productType = "com.apple.product-type.bundle.ui-testing";
		};
/* End PBXNativeTarget section */

/* Begin PBXProject section */
		C9AFE3EE22B799AC00943B3E /* Project object */ = {
			isa = PBXProject;
			attributes = {
				LastSwiftUpdateCheck = 1020;
				LastUpgradeCheck = 1020;
				ORGANIZATIONNAME = Worldpay;
				TargetAttributes = {
					C9AFE3F522B799AC00943B3E = {
						CreatedOnToolsVersion = 10.2.1;
						LastSwiftMigration = 1020;
					};
					C9AFE40922B799AE00943B3E = {
						CreatedOnToolsVersion = 10.2.1;
						TestTargetID = C9AFE3F522B799AC00943B3E;
					};
				};
			};
			buildConfigurationList = C9AFE3F122B799AC00943B3E /* Build configuration list for PBXProject "AccessCheckoutDemo" */;
			compatibilityVersion = "Xcode 9.3";
			developmentRegion = en;
			hasScannedForEncodings = 0;
			knownRegions = (
				en,
				Base,
			);
			mainGroup = C9AFE3ED22B799AC00943B3E;
			productRefGroup = C9AFE3F722B799AC00943B3E /* Products */;
			projectDirPath = "";
			projectRoot = "";
			targets = (
				C9AFE3F522B799AC00943B3E /* AccessCheckoutDemo */,
				C9AFE40922B799AE00943B3E /* AccessCheckoutDemoUITests */,
			);
		};
/* End PBXProject section */

/* Begin PBXResourcesBuildPhase section */
		C9AFE3F422B799AC00943B3E /* Resources */ = {
			isa = PBXResourcesBuildPhase;
			buildActionMask = 2147483647;
			files = (
				C9AFE47722B7C62700943B3E /* LaunchScreen.storyboard in Resources */,
				C9AFE4B822B7EE5900943B3E /* VerifiedTokens-bodyDoesNotMatchSchema-panFailedLuhnCheck.json in Resources */,
				1BCBFED922B8F63300A65FAA /* CHANGELOG.md in Resources */,
				C9AFE48222B7C8D700943B3E /* Localizable.strings in Resources */,
				C9AFE4B722B7EE5900943B3E /* VerifiedTokens-unknown-variation3.json in Resources */,
				E7993C8A243730820082E2C2 /* sessions-paymentsCvc-error.json in Resources */,
				C9AFE4B522B7EE5900943B3E /* VerifiedTokensSession-success.json in Resources */,
				C9AFE4AF22B7EE5900943B3E /* VerifiedTokens-internalServerError.json in Resources */,
				C9AFE4B422B7EE5900943B3E /* VerifiedTokens-unknown-variation2.json in Resources */,
				C9AFE4B622B7EE5900943B3E /* VerifiedTokens-success.json in Resources */,
				E7CFBA4024366AF1009FA24A /* sessions-paymentsCvc-success.json in Resources */,
				C9AFE4B222B7EE5900943B3E /* Discovery-success.json in Resources */,
				C9AFE4B122B7EE5900943B3E /* VerifiedTokens-unknown-variation4.json in Resources */,
				1BCBFED622B8F63300A65FAA /* LICENSE in Resources */,
				E7CFBA3C2436663B009FA24A /* sessions-success.json in Resources */,
				1BCBFED722B8F63300A65FAA /* README.md in Resources */,
				D737A08524752E0B00D4E872 /* cardTypes.json in Resources */,
				C9AFE47122B7C5A600943B3E /* Assets.xcassets in Resources */,
				C9AFE4B322B7EE5900943B3E /* VerifiedTokens-bodyDoesNotMatchSchema-fieldIsMissing-cardNumber.json in Resources */,
				C9AFE4B022B7EE5900943B3E /* VerifiedTokens-unknown-variation1.json in Resources */,
				C9AFE47622B7C62700943B3E /* Main.storyboard in Resources */,
			);
			runOnlyForDeploymentPostprocessing = 0;
		};
		C9AFE40822B799AE00943B3E /* Resources */ = {
			isa = PBXResourcesBuildPhase;
			buildActionMask = 2147483647;
			files = (
				1BCBFEDA22B903A300A65FAA /* Localizable.strings in Resources */,
			);
			runOnlyForDeploymentPostprocessing = 0;
		};
/* End PBXResourcesBuildPhase section */

/* Begin PBXShellScriptBuildPhase section */
		00BE5F20177698A4437F5474 /* [CP] Embed Pods Frameworks */ = {
			isa = PBXShellScriptBuildPhase;
			buildActionMask = 2147483647;
			files = (
			);
			inputFileListPaths = (
				"${PODS_ROOT}/Target Support Files/Pods-AccessCheckoutDemo-AccessCheckoutDemoUITests/Pods-AccessCheckoutDemo-AccessCheckoutDemoUITests-frameworks-${CONFIGURATION}-input-files.xcfilelist",
			);
			name = "[CP] Embed Pods Frameworks";
			outputFileListPaths = (
				"${PODS_ROOT}/Target Support Files/Pods-AccessCheckoutDemo-AccessCheckoutDemoUITests/Pods-AccessCheckoutDemo-AccessCheckoutDemoUITests-frameworks-${CONFIGURATION}-output-files.xcfilelist",
			);
			runOnlyForDeploymentPostprocessing = 0;
			shellPath = /bin/sh;
			shellScript = "\"${PODS_ROOT}/Target Support Files/Pods-AccessCheckoutDemo-AccessCheckoutDemoUITests/Pods-AccessCheckoutDemo-AccessCheckoutDemoUITests-frameworks.sh\"\n";
			showEnvVarsInLog = 0;
		};
		560E528BE7C2EF4C2C4A71FC /* [CP] Check Pods Manifest.lock */ = {
			isa = PBXShellScriptBuildPhase;
			buildActionMask = 2147483647;
			files = (
			);
			inputFileListPaths = (
			);
			inputPaths = (
				"${PODS_PODFILE_DIR_PATH}/Podfile.lock",
				"${PODS_ROOT}/Manifest.lock",
			);
			name = "[CP] Check Pods Manifest.lock";
			outputFileListPaths = (
			);
			outputPaths = (
				"$(DERIVED_FILE_DIR)/Pods-AccessCheckoutDemo-AccessCheckoutDemoUITests-checkManifestLockResult.txt",
			);
			runOnlyForDeploymentPostprocessing = 0;
			shellPath = /bin/sh;
			shellScript = "diff \"${PODS_PODFILE_DIR_PATH}/Podfile.lock\" \"${PODS_ROOT}/Manifest.lock\" > /dev/null\nif [ $? != 0 ] ; then\n    # print error to STDERR\n    echo \"error: The sandbox is not in sync with the Podfile.lock. Run 'pod install' or update your CocoaPods installation.\" >&2\n    exit 1\nfi\n# This output is used by Xcode 'outputs' to avoid re-running this script phase.\necho \"SUCCESS\" > \"${SCRIPT_OUTPUT_FILE_0}\"\n";
			showEnvVarsInLog = 0;
		};
		EB41D38DCCC49D53EAF6C5DB /* [CP] Embed Pods Frameworks */ = {
			isa = PBXShellScriptBuildPhase;
			buildActionMask = 2147483647;
			files = (
			);
			inputFileListPaths = (
				"${PODS_ROOT}/Target Support Files/Pods-AccessCheckoutDemo/Pods-AccessCheckoutDemo-frameworks-${CONFIGURATION}-input-files.xcfilelist",
			);
			name = "[CP] Embed Pods Frameworks";
			outputFileListPaths = (
				"${PODS_ROOT}/Target Support Files/Pods-AccessCheckoutDemo/Pods-AccessCheckoutDemo-frameworks-${CONFIGURATION}-output-files.xcfilelist",
			);
			runOnlyForDeploymentPostprocessing = 0;
			shellPath = /bin/sh;
			shellScript = "\"${PODS_ROOT}/Target Support Files/Pods-AccessCheckoutDemo/Pods-AccessCheckoutDemo-frameworks.sh\"\n";
			showEnvVarsInLog = 0;
		};
		EBA62EF013A8DED2C5E80A9B /* [CP] Check Pods Manifest.lock */ = {
			isa = PBXShellScriptBuildPhase;
			buildActionMask = 2147483647;
			files = (
			);
			inputFileListPaths = (
			);
			inputPaths = (
				"${PODS_PODFILE_DIR_PATH}/Podfile.lock",
				"${PODS_ROOT}/Manifest.lock",
			);
			name = "[CP] Check Pods Manifest.lock";
			outputFileListPaths = (
			);
			outputPaths = (
				"$(DERIVED_FILE_DIR)/Pods-AccessCheckoutDemo-checkManifestLockResult.txt",
			);
			runOnlyForDeploymentPostprocessing = 0;
			shellPath = /bin/sh;
			shellScript = "diff \"${PODS_PODFILE_DIR_PATH}/Podfile.lock\" \"${PODS_ROOT}/Manifest.lock\" > /dev/null\nif [ $? != 0 ] ; then\n    # print error to STDERR\n    echo \"error: The sandbox is not in sync with the Podfile.lock. Run 'pod install' or update your CocoaPods installation.\" >&2\n    exit 1\nfi\n# This output is used by Xcode 'outputs' to avoid re-running this script phase.\necho \"SUCCESS\" > \"${SCRIPT_OUTPUT_FILE_0}\"\n";
			showEnvVarsInLog = 0;
		};
/* End PBXShellScriptBuildPhase section */

/* Begin PBXSourcesBuildPhase section */
		C9AFE3F222B799AC00943B3E /* Sources */ = {
			isa = PBXSourcesBuildPhase;
			buildActionMask = 2147483647;
			files = (
				51CBC4A325A46F5A000D0363 /* RestrictedCardFlowViewController.swift in Sources */,
				E75F85F72437BFE40031F7AC /* JsonStubbedResponse.swift in Sources */,
				CC1BD93B2448BB9200A4C745 /* CIVariables.swift in Sources */,
				C9AFE47022B7C5A600943B3E /* CardFlowViewController.swift in Sources */,
				E7A09298243CB24100BCABC8 /* AlertView.swift in Sources */,
				E75F85F92437CB440031F7AC /* ServiceStub.swift in Sources */,
				5174649A27271F1A00E4902B /* Configuration.swift in Sources */,
				E7B9A34A243393C400137BCF /* CvcFlowViewController.swift in Sources */,
				C9AFE46F22B7C5A600943B3E /* AppDelegate.swift in Sources */,
				E75F85FB2437CDC80031F7AC /* LaunchArguments.swift in Sources */,
			);
			runOnlyForDeploymentPostprocessing = 0;
		};
		C9AFE40622B799AE00943B3E /* Sources */ = {
			isa = PBXSourcesBuildPhase;
			buildActionMask = 2147483647;
			files = (
				E74F7C3C24741490005D40FE /* CardFlowUITests.swift in Sources */,
				E72152822437D678009AAFB3 /* LaunchArguments.swift in Sources */,
				E72152842437D9E3009AAFB3 /* CardFlowViewPageObject.swift in Sources */,
				51E19A03273BDD1B00BD2713 /* CardFlowValidationTestsUsingRealServices.swift in Sources */,
				E79A3F1524360C0D00A20555 /* CvcFlowRetrieveSessionTests.swift in Sources */,
				E7134D392437B1BA00DD842F /* XCTestExtension.swift in Sources */,
				51CBC4A925A480F0000D0363 /* RestrictedCardFlowValidationTests.swift in Sources */,
				51CAA6C125C9BD1800C7D71A /* CvcFlowUITests.swift in Sources */,
				E7B7F4E22435EF5100E2DDA6 /* NavigationViewPageObject.swift in Sources */,
				51CAA6BB25C9A1CA00C7D71A /* RestrictedCardFlowViewPageObject.swift in Sources */,
				E7B7F4E02435EEB200E2DDA6 /* CvcFlowViewPageObject.swift in Sources */,
				E7134D372437AE3900DD842F /* AppLauncher.swift in Sources */,
				51CAA6BD25C9A24100C7D71A /* XCUIElementExtension.swift in Sources */,
				C9AFE47E22B7C6DA00943B3E /* CardFlowRetrieveSessionsTests.swift in Sources */,
				51B820782721A0B700CFAB53 /* CardFlowCardBrandTestsUsingRealServices.swift in Sources */,
				C9AFE47D22B7C6DA00943B3E /* CardFlowValidationTests.swift in Sources */,
				E74F7C3E247416AE005D40FE /* SwitchViewPageObject.swift in Sources */,
				E7B7F4DB24350F4B00E2DDA6 /* CvcFlowValidationTests.swift in Sources */,
				516E31E8269513940017E8EB /* RestrictedCardFlowNoCardNumberSpacingTests.swift in Sources */,
				516E31E22694F1F40017E8EB /* CardFlowCardNumberSpacingTests.swift in Sources */,
				E7B7F4DD2435125400E2DDA6 /* NavigationTests.swift in Sources */,
				51CBC4A725A480DC000D0363 /* RestrictedCardFlowUITests.swift in Sources */,
				E72152862437DBAC009AAFB3 /* AlertViewPageObject.swift in Sources */,
			);
			runOnlyForDeploymentPostprocessing = 0;
		};
/* End PBXSourcesBuildPhase section */

/* Begin PBXTargetDependency section */
		C9AFE40C22B799AE00943B3E /* PBXTargetDependency */ = {
			isa = PBXTargetDependency;
			target = C9AFE3F522B799AC00943B3E /* AccessCheckoutDemo */;
			targetProxy = C9AFE40B22B799AE00943B3E /* PBXContainerItemProxy */;
		};
/* End PBXTargetDependency section */

/* Begin PBXVariantGroup section */
		C9AFE47222B7C62700943B3E /* Main.storyboard */ = {
			isa = PBXVariantGroup;
			children = (
				C9AFE47322B7C62700943B3E /* Base */,
			);
			name = Main.storyboard;
			sourceTree = "<group>";
		};
		C9AFE47422B7C62700943B3E /* LaunchScreen.storyboard */ = {
			isa = PBXVariantGroup;
			children = (
				C9AFE47522B7C62700943B3E /* Base */,
			);
			name = LaunchScreen.storyboard;
			sourceTree = "<group>";
		};
		C9AFE48422B7C8D700943B3E /* Localizable.strings */ = {
			isa = PBXVariantGroup;
			children = (
				C9AFE48322B7C8D700943B3E /* en */,
			);
			name = Localizable.strings;
			sourceTree = "<group>";
		};
/* End PBXVariantGroup section */

/* Begin XCBuildConfiguration section */
		C9AFE41122B799AE00943B3E /* Debug */ = {
			isa = XCBuildConfiguration;
			buildSettings = {
				ALWAYS_SEARCH_USER_PATHS = NO;
				CLANG_ANALYZER_NONNULL = YES;
				CLANG_ANALYZER_NUMBER_OBJECT_CONVERSION = YES_AGGRESSIVE;
				CLANG_CXX_LANGUAGE_STANDARD = "gnu++14";
				CLANG_CXX_LIBRARY = "libc++";
				CLANG_ENABLE_MODULES = YES;
				CLANG_ENABLE_OBJC_ARC = YES;
				CLANG_ENABLE_OBJC_WEAK = YES;
				CLANG_WARN_BLOCK_CAPTURE_AUTORELEASING = YES;
				CLANG_WARN_BOOL_CONVERSION = YES;
				CLANG_WARN_COMMA = YES;
				CLANG_WARN_CONSTANT_CONVERSION = YES;
				CLANG_WARN_DEPRECATED_OBJC_IMPLEMENTATIONS = YES;
				CLANG_WARN_DIRECT_OBJC_ISA_USAGE = YES_ERROR;
				CLANG_WARN_DOCUMENTATION_COMMENTS = YES;
				CLANG_WARN_EMPTY_BODY = YES;
				CLANG_WARN_ENUM_CONVERSION = YES;
				CLANG_WARN_INFINITE_RECURSION = YES;
				CLANG_WARN_INT_CONVERSION = YES;
				CLANG_WARN_NON_LITERAL_NULL_CONVERSION = YES;
				CLANG_WARN_OBJC_IMPLICIT_RETAIN_SELF = YES;
				CLANG_WARN_OBJC_LITERAL_CONVERSION = YES;
				CLANG_WARN_OBJC_ROOT_CLASS = YES_ERROR;
				CLANG_WARN_RANGE_LOOP_ANALYSIS = YES;
				CLANG_WARN_STRICT_PROTOTYPES = YES;
				CLANG_WARN_SUSPICIOUS_MOVE = YES;
				CLANG_WARN_UNGUARDED_AVAILABILITY = YES_AGGRESSIVE;
				CLANG_WARN_UNREACHABLE_CODE = YES;
				CLANG_WARN__DUPLICATE_METHOD_MATCH = YES;
				CODE_SIGN_IDENTITY = "iPhone Developer";
				COPY_PHASE_STRIP = NO;
				DEBUG_INFORMATION_FORMAT = dwarf;
				ENABLE_STRICT_OBJC_MSGSEND = YES;
				ENABLE_TESTABILITY = YES;
				GCC_C_LANGUAGE_STANDARD = gnu11;
				GCC_DYNAMIC_NO_PIC = NO;
				GCC_NO_COMMON_BLOCKS = YES;
				GCC_OPTIMIZATION_LEVEL = 0;
				GCC_PREPROCESSOR_DEFINITIONS = (
					"DEBUG=1",
					"$(inherited)",
				);
				GCC_WARN_64_TO_32_BIT_CONVERSION = YES;
				GCC_WARN_ABOUT_RETURN_TYPE = YES_ERROR;
				GCC_WARN_UNDECLARED_SELECTOR = YES;
				GCC_WARN_UNINITIALIZED_AUTOS = YES_AGGRESSIVE;
				GCC_WARN_UNUSED_FUNCTION = YES;
				GCC_WARN_UNUSED_VARIABLE = YES;
				IPHONEOS_DEPLOYMENT_TARGET = 8.0;
				MTL_ENABLE_DEBUG_INFO = INCLUDE_SOURCE;
				MTL_FAST_MATH = YES;
				ONLY_ACTIVE_ARCH = YES;
				SDKROOT = iphoneos;
				SWIFT_ACTIVE_COMPILATION_CONDITIONS = DEBUG;
				SWIFT_OPTIMIZATION_LEVEL = "-Onone";
			};
			name = Debug;
		};
		C9AFE41222B799AE00943B3E /* Release */ = {
			isa = XCBuildConfiguration;
			buildSettings = {
				ALWAYS_SEARCH_USER_PATHS = NO;
				CLANG_ANALYZER_NONNULL = YES;
				CLANG_ANALYZER_NUMBER_OBJECT_CONVERSION = YES_AGGRESSIVE;
				CLANG_CXX_LANGUAGE_STANDARD = "gnu++14";
				CLANG_CXX_LIBRARY = "libc++";
				CLANG_ENABLE_MODULES = YES;
				CLANG_ENABLE_OBJC_ARC = YES;
				CLANG_ENABLE_OBJC_WEAK = YES;
				CLANG_WARN_BLOCK_CAPTURE_AUTORELEASING = YES;
				CLANG_WARN_BOOL_CONVERSION = YES;
				CLANG_WARN_COMMA = YES;
				CLANG_WARN_CONSTANT_CONVERSION = YES;
				CLANG_WARN_DEPRECATED_OBJC_IMPLEMENTATIONS = YES;
				CLANG_WARN_DIRECT_OBJC_ISA_USAGE = YES_ERROR;
				CLANG_WARN_DOCUMENTATION_COMMENTS = YES;
				CLANG_WARN_EMPTY_BODY = YES;
				CLANG_WARN_ENUM_CONVERSION = YES;
				CLANG_WARN_INFINITE_RECURSION = YES;
				CLANG_WARN_INT_CONVERSION = YES;
				CLANG_WARN_NON_LITERAL_NULL_CONVERSION = YES;
				CLANG_WARN_OBJC_IMPLICIT_RETAIN_SELF = YES;
				CLANG_WARN_OBJC_LITERAL_CONVERSION = YES;
				CLANG_WARN_OBJC_ROOT_CLASS = YES_ERROR;
				CLANG_WARN_RANGE_LOOP_ANALYSIS = YES;
				CLANG_WARN_STRICT_PROTOTYPES = YES;
				CLANG_WARN_SUSPICIOUS_MOVE = YES;
				CLANG_WARN_UNGUARDED_AVAILABILITY = YES_AGGRESSIVE;
				CLANG_WARN_UNREACHABLE_CODE = YES;
				CLANG_WARN__DUPLICATE_METHOD_MATCH = YES;
				CODE_SIGN_IDENTITY = "iPhone Developer";
				COPY_PHASE_STRIP = NO;
				DEBUG_INFORMATION_FORMAT = "dwarf-with-dsym";
				ENABLE_NS_ASSERTIONS = NO;
				ENABLE_STRICT_OBJC_MSGSEND = YES;
				GCC_C_LANGUAGE_STANDARD = gnu11;
				GCC_NO_COMMON_BLOCKS = YES;
				GCC_WARN_64_TO_32_BIT_CONVERSION = YES;
				GCC_WARN_ABOUT_RETURN_TYPE = YES_ERROR;
				GCC_WARN_UNDECLARED_SELECTOR = YES;
				GCC_WARN_UNINITIALIZED_AUTOS = YES_AGGRESSIVE;
				GCC_WARN_UNUSED_FUNCTION = YES;
				GCC_WARN_UNUSED_VARIABLE = YES;
				IPHONEOS_DEPLOYMENT_TARGET = 8.0;
				MTL_ENABLE_DEBUG_INFO = NO;
				MTL_FAST_MATH = YES;
				SDKROOT = iphoneos;
				SWIFT_COMPILATION_MODE = wholemodule;
				SWIFT_OPTIMIZATION_LEVEL = "-O";
				VALIDATE_PRODUCT = YES;
			};
			name = Release;
		};
		C9AFE41422B799AE00943B3E /* Debug */ = {
			isa = XCBuildConfiguration;
			baseConfigurationReference = 8BA50193BD557BCBB2DE4933 /* Pods-AccessCheckoutDemo.debug.xcconfig */;
			buildSettings = {
				ACCESS_BASE_URL = "https://npe.access.worldpay.com";
				ASSETCATALOG_COMPILER_APPICON_NAME = AppIcon;
				CLANG_ENABLE_MODULES = YES;
				CODE_SIGN_STYLE = Automatic;
				DEVELOPMENT_TEAM = LPBQ5BR8NU;
				INFOPLIST_FILE = "$(SRCROOT)/AccessCheckoutDemo/Info.plist";
				LD_RUNPATH_SEARCH_PATHS = (
					"$(inherited)",
					"@executable_path/Frameworks",
				);
				PRODUCT_BUNDLE_IDENTIFIER = com.worldpay.AccessCheckoutDemo;
				PRODUCT_NAME = "$(TARGET_NAME)";
				SWIFT_OPTIMIZATION_LEVEL = "-Onone";
				SWIFT_VERSION = 5.0;
				TARGETED_DEVICE_FAMILY = "1,2";
			};
			name = Debug;
		};
		C9AFE41522B799AE00943B3E /* Release */ = {
			isa = XCBuildConfiguration;
			baseConfigurationReference = 6E7FDDA3E36720BDB3959BF7 /* Pods-AccessCheckoutDemo.release.xcconfig */;
			buildSettings = {
				ACCESS_BASE_URL = "https://npe.access.worldpay.com";
				ASSETCATALOG_COMPILER_APPICON_NAME = AppIcon;
				CLANG_ENABLE_MODULES = YES;
				CODE_SIGN_STYLE = Automatic;
				DEVELOPMENT_TEAM = LPBQ5BR8NU;
				INFOPLIST_FILE = "$(SRCROOT)/AccessCheckoutDemo/Info.plist";
				LD_RUNPATH_SEARCH_PATHS = (
					"$(inherited)",
					"@executable_path/Frameworks",
				);
				PRODUCT_BUNDLE_IDENTIFIER = com.worldpay.AccessCheckoutDemo;
				PRODUCT_NAME = "$(TARGET_NAME)";
				SWIFT_VERSION = 5.0;
				TARGETED_DEVICE_FAMILY = "1,2";
			};
			name = Release;
		};
		C9AFE41722B799AE00943B3E /* Debug */ = {
			isa = XCBuildConfiguration;
			baseConfigurationReference = 5F532F45E152C8559DCC281F /* Pods-AccessCheckoutDemo-AccessCheckoutDemoUITests.debug.xcconfig */;
			buildSettings = {
				CODE_SIGN_STYLE = Automatic;
				DEVELOPMENT_TEAM = LPBQ5BR8NU;
				INFOPLIST_FILE = AccessCheckoutDemoUITests/Info.plist;
				IPHONEOS_DEPLOYMENT_TARGET = 9.0;
				LD_RUNPATH_SEARCH_PATHS = (
					"$(inherited)",
					"@executable_path/Frameworks",
					"@loader_path/Frameworks",
				);
				PRODUCT_BUNDLE_IDENTIFIER = com.worldpay.AccessCheckoutDemoUITests;
				PRODUCT_NAME = "$(TARGET_NAME)";
				PROVISIONING_PROFILE = "";
				SWIFT_VERSION = 5.0;
				TARGETED_DEVICE_FAMILY = "1,2";
				TEST_TARGET_NAME = AccessCheckoutDemo;
			};
			name = Debug;
		};
		C9AFE41822B799AE00943B3E /* Release */ = {
			isa = XCBuildConfiguration;
			baseConfigurationReference = F05A61772A68844665C943F5 /* Pods-AccessCheckoutDemo-AccessCheckoutDemoUITests.release.xcconfig */;
			buildSettings = {
				CODE_SIGN_STYLE = Automatic;
				DEVELOPMENT_TEAM = LPBQ5BR8NU;
				INFOPLIST_FILE = AccessCheckoutDemoUITests/Info.plist;
				IPHONEOS_DEPLOYMENT_TARGET = 9.0;
				LD_RUNPATH_SEARCH_PATHS = (
					"$(inherited)",
					"@executable_path/Frameworks",
					"@loader_path/Frameworks",
				);
				PRODUCT_BUNDLE_IDENTIFIER = com.worldpay.AccessCheckoutDemoUITests;
				PRODUCT_NAME = "$(TARGET_NAME)";
				PROVISIONING_PROFILE = "";
				SWIFT_VERSION = 5.0;
				TARGETED_DEVICE_FAMILY = "1,2";
				TEST_TARGET_NAME = AccessCheckoutDemo;
			};
			name = Release;
		};
/* End XCBuildConfiguration section */

/* Begin XCConfigurationList section */
		C9AFE3F122B799AC00943B3E /* Build configuration list for PBXProject "AccessCheckoutDemo" */ = {
			isa = XCConfigurationList;
			buildConfigurations = (
				C9AFE41122B799AE00943B3E /* Debug */,
				C9AFE41222B799AE00943B3E /* Release */,
			);
			defaultConfigurationIsVisible = 0;
			defaultConfigurationName = Release;
		};
		C9AFE41322B799AE00943B3E /* Build configuration list for PBXNativeTarget "AccessCheckoutDemo" */ = {
			isa = XCConfigurationList;
			buildConfigurations = (
				C9AFE41422B799AE00943B3E /* Debug */,
				C9AFE41522B799AE00943B3E /* Release */,
			);
			defaultConfigurationIsVisible = 0;
			defaultConfigurationName = Release;
		};
		C9AFE41622B799AE00943B3E /* Build configuration list for PBXNativeTarget "AccessCheckoutDemoUITests" */ = {
			isa = XCConfigurationList;
			buildConfigurations = (
				C9AFE41722B799AE00943B3E /* Debug */,
				C9AFE41822B799AE00943B3E /* Release */,
			);
			defaultConfigurationIsVisible = 0;
			defaultConfigurationName = Release;
		};
/* End XCConfigurationList section */
	};
	rootObject = C9AFE3EE22B799AC00943B3E /* Project object */;
}
