<?xml version="1.0" encoding="UTF-8"?>
<Scheme
   LastUpgradeVersion = "1020"
   version = "1.3">
   <BuildAction
      parallelizeBuildables = "YES"
      buildImplicitDependencies = "YES">
      <BuildActionEntries>
         <BuildActionEntry
            buildForTesting = "YES"
            buildForRunning = "YES"
            buildForProfiling = "YES"
            buildForArchiving = "YES"
            buildForAnalyzing = "YES">
            <BuildableReference
               BuildableIdentifier = "primary"
               BlueprintIdentifier = "C9AFE3F522B799AC00943B3E"
               BuildableName = "AccessCheckoutDemo.app"
               BlueprintName = "AccessCheckoutDemo"
               ReferencedContainer = "container:AccessCheckoutDemo.xcodeproj">
            </BuildableReference>
         </BuildActionEntry>
      </BuildActionEntries>
   </BuildAction>
   <TestAction
      buildConfiguration = "Debug"
      selectedDebuggerIdentifier = "Xcode.DebuggerFoundation.Debugger.LLDB"
      selectedLauncherIdentifier = "Xcode.DebuggerFoundation.Launcher.LLDB"
      shouldUseLaunchSchemeArgsEnv = "YES">
      <Testables>
         <TestableReference
            skipped = "NO">
            <BuildableReference
               BuildableIdentifier = "primary"
               BlueprintIdentifier = "C9AFE40922B799AE00943B3E"
               BuildableName = "AccessCheckoutDemoUITests.xctest"
               BlueprintName = "AccessCheckoutDemoUITests"
               ReferencedContainer = "container:AccessCheckoutDemo.xcodeproj">
            </BuildableReference>
         </TestableReference>
      </Testables>
      <MacroExpansion>
         <BuildableReference
            BuildableIdentifier = "primary"
            BlueprintIdentifier = "C9AFE3F522B799AC00943B3E"
            BuildableName = "AccessCheckoutDemo.app"
            BlueprintName = "AccessCheckoutDemo"
            ReferencedContainer = "container:AccessCheckoutDemo.xcodeproj">
         </BuildableReference>
      </MacroExpansion>
      <AdditionalOptions>
      </AdditionalOptions>
   </TestAction>
   <LaunchAction
      buildConfiguration = "Debug"
      selectedDebuggerIdentifier = "Xcode.DebuggerFoundation.Debugger.LLDB"
      selectedLauncherIdentifier = "Xcode.DebuggerFoundation.Launcher.LLDB"
      launchStyle = "0"
      useCustomWorkingDirectory = "NO"
      ignoresPersistentStateOnLaunch = "NO"
      debugDocumentVersioning = "YES"
      debugServiceExtension = "internal"
      allowLocationSimulation = "YES">
      <BuildableProductRunnable
         runnableDebuggingMode = "0">
         <BuildableReference
            BuildableIdentifier = "primary"
            BlueprintIdentifier = "C9AFE3F522B799AC00943B3E"
            BuildableName = "AccessCheckoutDemo.app"
            BlueprintName = "AccessCheckoutDemo"
            ReferencedContainer = "container:AccessCheckoutDemo.xcodeproj">
         </BuildableReference>
      </BuildableProductRunnable>
      <CommandLineArguments>
         <CommandLineArgument
            argument = "-stubDiscovery Discovery-success"
            isEnabled = "YES">
         </CommandLineArgument>
         <CommandLineArgument
            argument = "-stubCardConfiguration CardConfiguration"
            isEnabled = "YES">
         </CommandLineArgument>
         <CommandLineArgument
            argument = "-stubVerifiedTokens VerifiedTokens-success"
            isEnabled = "YES">
         </CommandLineArgument>
         <CommandLineArgument
            argument = "-stubVerifiedTokensSession VerifiedTokensSession-success"
            isEnabled = "YES">
         </CommandLineArgument>
      </CommandLineArguments>
      <AdditionalOptions>
      </AdditionalOptions>
   </LaunchAction>
   <ProfileAction
      buildConfiguration = "Release"
      shouldUseLaunchSchemeArgsEnv = "YES"
      savedToolIdentifier = ""
      useCustomWorkingDirectory = "NO"
      debugDocumentVersioning = "YES">
      <BuildableProductRunnable
         runnableDebuggingMode = "0">
         <BuildableReference
            BuildableIdentifier = "primary"
            BlueprintIdentifier = "C9AFE3F522B799AC00943B3E"
            BuildableName = "AccessCheckoutDemo.app"
            BlueprintName = "AccessCheckoutDemo"
            ReferencedContainer = "container:AccessCheckoutDemo.xcodeproj">
         </BuildableReference>
      </BuildableProductRunnable>
   </ProfileAction>
   <AnalyzeAction
      buildConfiguration = "Debug">
   </AnalyzeAction>
   <ArchiveAction
      buildConfiguration = "Release"
      revealArchiveInOrganizer = "YES">
   </ArchiveAction>
</Scheme>
